{
  "name": "curry_manji",
  "version": "1.0.0",
  "lockfileVersion": 2,
  "requires": true,
  "packages": {
    "": {
      "name": "curry_manji",
      "version": "1.0.0",
      "license": "ISC",
      "dependencies": {
        "ramda": "^0.27.1"
      }
    },
    "node_modules/ramda": {
      "version": "0.27.1",
      "resolved": "https://registry.npm.taobao.org/ramda/download/ramda-0.27.1.tgz",
      "integrity": "sha1-Zvwt8++HOHT/wtpqqJhGWKus9ck="
    }
  },
  "dependencies": {
    "ramda": {
      "version": "0.27.1",
      "resolved": "https://registry.npm.taobao.org/ramda/download/ramda-0.27.1.tgz",
      "integrity": "sha1-Zvwt8++HOHT/wtpqqJhGWKus9ck="
    }
  }
}
