{
  "requires": true,
  "lockfileVersion": 1,
  "dependencies": {
    "yarn": {
      "version": "1.22.11",
      "resolved": "https://registry.nlark.com/yarn/download/yarn-1.22.11.tgz?cache=0&sync_timestamp=1630917152546&other_urls=https%3A%2F%2Fregistry.nlark.com%2Fyarn%2Fdownload%2Fyarn-1.22.11.tgz",
      "integrity": "sha1-0BBAQ+c0kEbg4q7Jd8JL4QaSXtY="
    }
  }
}
